
Microsoft Visual Studio Solution File, Format Version 12.00
# Visual Studio 11
Project("{8BC9CEB8-8B4A-11D0-8D11-00A0C91BC942}") = "MacroProject", "BattleBroodAI.vcxproj", "{30997BC8-3568-489E-A477-5AE5B171D3C1}"
EndProject
Global
	GlobalSection(SolutionConfigurationPlatforms) = preSolution
		Debug|Win32 = Debug|Win32
		Release|Win32 = Release|Win32
	EndGlobalSection
	GlobalSection(ProjectConfigurationPlatforms) = postSolution
		{30997BC8-3568-489E-A477-5AE5B171D3C1}.Debug|Win32.ActiveCfg = Debug|Win32
		{30997BC8-3568-489E-A477-5AE5B171D3C1}.Debug|Win32.Build.0 = Debug|Win32
		{30997BC8-3568-489E-A477-5AE5B171D3C1}.Release|Win32.ActiveCfg = Release|Win32
		{30997BC8-3568-489E-A477-5AE5B171D3C1}.Release|Win32.Build.0 = Release|Win32
	EndGlobalSection
	GlobalSection(SolutionProperties) = preSolution
		HideSolutionNode = FALSE
	EndGlobalSection
EndGlobal
